
Microsoft Visual Studio Solution File, Format Version 12.00
# Visual Studio 15
VisualStudioVersion = 15.0.27004.2009
MinimumVisualStudioVersion = 10.0.40219.1
Project("{8BC9CEB8-8B4A-11D0-8D11-00A0C91BC942}") = "Programms", "Programms\Programms.vcxproj", "{1310F7EC-8DF4-48FA-9BB6-B7E27618D840}"
EndProject
Project("{8BC9CEB8-8B4A-11D0-8D11-00A0C91BC942}") = "Lab9_2", "Lab9_2\Lab9_2.vcxproj", "{846443B6-4B10-4D9A-AD9E-D86736A4377C}"
EndProject
Project("{8BC9CEB8-8B4A-11D0-8D11-00A0C91BC942}") = "Lab10_1", "Lab10_1\Lab10_1.vcxproj", "{8E3D4427-ED3C-4740-B722-649AA64110FD}"
EndProject
Project("{8BC9CEB8-8B4A-11D0-8D11-00A0C91BC942}") = "Lab10_2", "Lab10_2\Lab10_2.vcxproj", "{7BB031D6-D4D7-4DF2-9E9F-724A9CF703B1}"
EndProject
Project("{8BC9CEB8-8B4A-11D0-8D11-00A0C91BC942}") = "Lab12_1", "Lab12_1\Lab12_1.vcxproj", "{71E7FB90-FA0F-4E3D-A30C-CCEDBA6C2A55}"
EndProject
Project("{8BC9CEB8-8B4A-11D0-8D11-00A0C91BC942}") = "Lab12_2", "Lab12_2\Lab12_2.vcxproj", "{FE4BD095-81D7-4827-A8E6-7CE62621CA9E}"
EndProject
Project("{8BC9CEB8-8B4A-11D0-8D11-00A0C91BC942}") = "Lab13", "Lab13\Lab13.vcxproj", "{8F119CC0-FFB7-40B1-B8AC-FEEF4030E144}"
EndProject
Project("{8BC9CEB8-8B4A-11D0-8D11-00A0C91BC942}") = "Lab14_1", "Lab14_1\Lab14_1.vcxproj", "{9765E009-FC98-4BE7-A301-DF62AE9659F3}"
EndProject
Project("{8BC9CEB8-8B4A-11D0-8D11-00A0C91BC942}") = "Lab14_2", "Lab14_2\Lab14_2.vcxproj", "{1E0BA183-A512-4E9D-944B-C80F615513A5}"
EndProject
Project("{8BC9CEB8-8B4A-11D0-8D11-00A0C91BC942}") = "oop1", "oop1\oop1.vcxproj", "{DD676617-052C-4985-BD61-7775F09E1C73}"
EndProject
Project("{8BC9CEB8-8B4A-11D0-8D11-00A0C91BC942}") = "oop2", "oop2\oop2.vcxproj", "{CD0C21F6-E719-4B59-940B-DEFAE1A28245}"
EndProject
Project("{8BC9CEB8-8B4A-11D0-8D11-00A0C91BC942}") = "oop3", "oop3\oop3.vcxproj", "{C2E14BD4-4451-442C-9702-C4A311077BA1}"
EndProject
Project("{8BC9CEB8-8B4A-11D0-8D11-00A0C91BC942}") = "oop4", "oop4\oop4.vcxproj", "{D1EAEF4F-F5EA-4AE1-B9B2-B140C70C642F}"
EndProject
Project("{8BC9CEB8-8B4A-11D0-8D11-00A0C91BC942}") = "oop5", "oop5\oop5.vcxproj", "{C400488A-2A4F-493A-8DEE-791ABBB85B62}"
EndProject
Project("{8BC9CEB8-8B4A-11D0-8D11-00A0C91BC942}") = "Lab11_1", "Lab11_1\Lab11_1.vcxproj", "{E513FF6E-BD92-43AD-A1D2-E1C724016B0F}"
EndProject
Project("{8BC9CEB8-8B4A-11D0-8D11-00A0C91BC942}") = "Lab11_2", "Lab11_2\Lab11_2.vcxproj", "{E227806E-0B25-49D7-8768-10545BB0DA41}"
EndProject
Global
	GlobalSection(SolutionConfigurationPlatforms) = preSolution
		Debug|x64 = Debug|x64
		Debug|x86 = Debug|x86
		Release|x64 = Release|x64
		Release|x86 = Release|x86
	EndGlobalSection
	GlobalSection(ProjectConfigurationPlatforms) = postSolution
		{1310F7EC-8DF4-48FA-9BB6-B7E27618D840}.Debug|x64.ActiveCfg = Debug|x64
		{1310F7EC-8DF4-48FA-9BB6-B7E27618D840}.Debug|x64.Build.0 = Debug|x64
		{1310F7EC-8DF4-48FA-9BB6-B7E27618D840}.Debug|x86.ActiveCfg = Debug|Win32
		{1310F7EC-8DF4-48FA-9BB6-B7E27618D840}.Debug|x86.Build.0 = Debug|Win32
		{1310F7EC-8DF4-48FA-9BB6-B7E27618D840}.Release|x64.ActiveCfg = Release|x64
		{1310F7EC-8DF4-48FA-9BB6-B7E27618D840}.Release|x64.Build.0 = Release|x64
		{1310F7EC-8DF4-48FA-9BB6-B7E27618D840}.Release|x86.ActiveCfg = Release|Win32
		{1310F7EC-8DF4-48FA-9BB6-B7E27618D840}.Release|x86.Build.0 = Release|Win32
		{846443B6-4B10-4D9A-AD9E-D86736A4377C}.Debug|x64.ActiveCfg = Debug|x64
		{846443B6-4B10-4D9A-AD9E-D86736A4377C}.Debug|x64.Build.0 = Debug|x64
		{846443B6-4B10-4D9A-AD9E-D86736A4377C}.Debug|x86.ActiveCfg = Debug|Win32
		{846443B6-4B10-4D9A-AD9E-D86736A4377C}.Debug|x86.Build.0 = Debug|Win32
		{846443B6-4B10-4D9A-AD9E-D86736A4377C}.Release|x64.ActiveCfg = Release|x64
		{846443B6-4B10-4D9A-AD9E-D86736A4377C}.Release|x64.Build.0 = Release|x64
		{846443B6-4B10-4D9A-AD9E-D86736A4377C}.Release|x86.ActiveCfg = Release|Win32
		{846443B6-4B10-4D9A-AD9E-D86736A4377C}.Release|x86.Build.0 = Release|Win32
		{8E3D4427-ED3C-4740-B722-649AA64110FD}.Debug|x64.ActiveCfg = Debug|x64
		{8E3D4427-ED3C-4740-B722-649AA64110FD}.Debug|x64.Build.0 = Debug|x64
		{8E3D4427-ED3C-4740-B722-649AA64110FD}.Debug|x86.ActiveCfg = Debug|Win32
		{8E3D4427-ED3C-4740-B722-649AA64110FD}.Debug|x86.Build.0 = Debug|Win32
		{8E3D4427-ED3C-4740-B722-649AA64110FD}.Release|x64.ActiveCfg = Release|x64
		{8E3D4427-ED3C-4740-B722-649AA64110FD}.Release|x64.Build.0 = Release|x64
		{8E3D4427-ED3C-4740-B722-649AA64110FD}.Release|x86.ActiveCfg = Release|Win32
		{8E3D4427-ED3C-4740-B722-649AA64110FD}.Release|x86.Build.0 = Release|Win32
		{7BB031D6-D4D7-4DF2-9E9F-724A9CF703B1}.Debug|x64.ActiveCfg = Debug|x64
		{7BB031D6-D4D7-4DF2-9E9F-724A9CF703B1}.Debug|x64.Build.0 = Debug|x64
		{7BB031D6-D4D7-4DF2-9E9F-724A9CF703B1}.Debug|x86.ActiveCfg = Debug|Win32
		{7BB031D6-D4D7-4DF2-9E9F-724A9CF703B1}.Debug|x86.Build.0 = Debug|Win32
		{7BB031D6-D4D7-4DF2-9E9F-724A9CF703B1}.Release|x64.ActiveCfg = Release|x64
		{7BB031D6-D4D7-4DF2-9E9F-724A9CF703B1}.Release|x64.Build.0 = Release|x64
		{7BB031D6-D4D7-4DF2-9E9F-724A9CF703B1}.Release|x86.ActiveCfg = Release|Win32
		{7BB031D6-D4D7-4DF2-9E9F-724A9CF703B1}.Release|x86.Build.0 = Release|Win32
		{71E7FB90-FA0F-4E3D-A30C-CCEDBA6C2A55}.Debug|x64.ActiveCfg = Debug|x64
		{71E7FB90-FA0F-4E3D-A30C-CCEDBA6C2A55}.Debug|x64.Build.0 = Debug|x64
		{71E7FB90-FA0F-4E3D-A30C-CCEDBA6C2A55}.Debug|x86.ActiveCfg = Debug|Win32
		{71E7FB90-FA0F-4E3D-A30C-CCEDBA6C2A55}.Debug|x86.Build.0 = Debug|Win32
		{71E7FB90-FA0F-4E3D-A30C-CCEDBA6C2A55}.Release|x64.ActiveCfg = Release|x64
		{71E7FB90-FA0F-4E3D-A30C-CCEDBA6C2A55}.Release|x64.Build.0 = Release|x64
		{71E7FB90-FA0F-4E3D-A30C-CCEDBA6C2A55}.Release|x86.ActiveCfg = Release|Win32
		{71E7FB90-FA0F-4E3D-A30C-CCEDBA6C2A55}.Release|x86.Build.0 = Release|Win32
		{FE4BD095-81D7-4827-A8E6-7CE62621CA9E}.Debug|x64.ActiveCfg = Debug|x64
		{FE4BD095-81D7-4827-A8E6-7CE62621CA9E}.Debug|x64.Build.0 = Debug|x64
		{FE4BD095-81D7-4827-A8E6-7CE62621CA9E}.Debug|x86.ActiveCfg = Debug|Win32
		{FE4BD095-81D7-4827-A8E6-7CE62621CA9E}.Debug|x86.Build.0 = Debug|Win32
		{FE4BD095-81D7-4827-A8E6-7CE62621CA9E}.Release|x64.ActiveCfg = Release|x64
		{FE4BD095-81D7-4827-A8E6-7CE62621CA9E}.Release|x64.Build.0 = Release|x64
		{FE4BD095-81D7-4827-A8E6-7CE62621CA9E}.Release|x86.ActiveCfg = Release|Win32
		{FE4BD095-81D7-4827-A8E6-7CE62621CA9E}.Release|x86.Build.0 = Release|Win32
		{8F119CC0-FFB7-40B1-B8AC-FEEF4030E144}.Debug|x64.ActiveCfg = Debug|x64
		{8F119CC0-FFB7-40B1-B8AC-FEEF4030E144}.Debug|x64.Build.0 = Debug|x64
		{8F119CC0-FFB7-40B1-B8AC-FEEF4030E144}.Debug|x86.ActiveCfg = Debug|Win32
		{8F119CC0-FFB7-40B1-B8AC-FEEF4030E144}.Debug|x86.Build.0 = Debug|Win32
		{8F119CC0-FFB7-40B1-B8AC-FEEF4030E144}.Release|x64.ActiveCfg = Release|x64
		{8F119CC0-FFB7-40B1-B8AC-FEEF4030E144}.Release|x64.Build.0 = Release|x64
		{8F119CC0-FFB7-40B1-B8AC-FEEF4030E144}.Release|x86.ActiveCfg = Release|Win32
		{8F119CC0-FFB7-40B1-B8AC-FEEF4030E144}.Release|x86.Build.0 = Release|Win32
		{9765E009-FC98-4BE7-A301-DF62AE9659F3}.Debug|x64.ActiveCfg = Debug|x64
		{9765E009-FC98-4BE7-A301-DF62AE9659F3}.Debug|x64.Build.0 = Debug|x64
		{9765E009-FC98-4BE7-A301-DF62AE9659F3}.Debug|x86.ActiveCfg = Debug|Win32
		{9765E009-FC98-4BE7-A301-DF62AE9659F3}.Debug|x86.Build.0 = Debug|Win32
		{9765E009-FC98-4BE7-A301-DF62AE9659F3}.Release|x64.ActiveCfg = Release|x64
		{9765E009-FC98-4BE7-A301-DF62AE9659F3}.Release|x64.Build.0 = Release|x64
		{9765E009-FC98-4BE7-A301-DF62AE9659F3}.Release|x86.ActiveCfg = Release|Win32
		{9765E009-FC98-4BE7-A301-DF62AE9659F3}.Release|x86.Build.0 = Release|Win32
		{1E0BA183-A512-4E9D-944B-C80F615513A5}.Debug|x64.ActiveCfg = Debug|x64
		{1E0BA183-A512-4E9D-944B-C80F615513A5}.Debug|x64.Build.0 = Debug|x64
		{1E0BA183-A512-4E9D-944B-C80F615513A5}.Debug|x86.ActiveCfg = Debug|Win32
		{1E0BA183-A512-4E9D-944B-C80F615513A5}.Debug|x86.Build.0 = Debug|Win32
		{1E0BA183-A512-4E9D-944B-C80F615513A5}.Release|x64.ActiveCfg = Release|x64
		{1E0BA183-A512-4E9D-944B-C80F615513A5}.Release|x64.Build.0 = Release|x64
		{1E0BA183-A512-4E9D-944B-C80F615513A5}.Release|x86.ActiveCfg = Release|Win32
		{1E0BA183-A512-4E9D-944B-C80F615513A5}.Release|x86.Build.0 = Release|Win32
		{DD676617-052C-4985-BD61-7775F09E1C73}.Debug|x64.ActiveCfg = Debug|x64
		{DD676617-052C-4985-BD61-7775F09E1C73}.Debug|x64.Build.0 = Debug|x64
		{DD676617-052C-4985-BD61-7775F09E1C73}.Debug|x86.ActiveCfg = Debug|Win32
		{DD676617-052C-4985-BD61-7775F09E1C73}.Debug|x86.Build.0 = Debug|Win32
		{DD676617-052C-4985-BD61-7775F09E1C73}.Release|x64.ActiveCfg = Release|x64
		{DD676617-052C-4985-BD61-7775F09E1C73}.Release|x64.Build.0 = Release|x64
		{DD676617-052C-4985-BD61-7775F09E1C73}.Release|x86.ActiveCfg = Release|Win32
		{DD676617-052C-4985-BD61-7775F09E1C73}.Release|x86.Build.0 = Release|Win32
		{CD0C21F6-E719-4B59-940B-DEFAE1A28245}.Debug|x64.ActiveCfg = Debug|x64
		{CD0C21F6-E719-4B59-940B-DEFAE1A28245}.Debug|x64.Build.0 = Debug|x64
		{CD0C21F6-E719-4B59-940B-DEFAE1A28245}.Debug|x86.ActiveCfg = Debug|Win32
		{CD0C21F6-E719-4B59-940B-DEFAE1A28245}.Debug|x86.Build.0 = Debug|Win32
		{CD0C21F6-E719-4B59-940B-DEFAE1A28245}.Release|x64.ActiveCfg = Release|x64
		{CD0C21F6-E719-4B59-940B-DEFAE1A28245}.Release|x64.Build.0 = Release|x64
		{CD0C21F6-E719-4B59-940B-DEFAE1A28245}.Release|x86.ActiveCfg = Release|Win32
		{CD0C21F6-E719-4B59-940B-DEFAE1A28245}.Release|x86.Build.0 = Release|Win32
		{C2E14BD4-4451-442C-9702-C4A311077BA1}.Debug|x64.ActiveCfg = Debug|x64
		{C2E14BD4-4451-442C-9702-C4A311077BA1}.Debug|x64.Build.0 = Debug|x64
		{C2E14BD4-4451-442C-9702-C4A311077BA1}.Debug|x86.ActiveCfg = Debug|Win32
		{C2E14BD4-4451-442C-9702-C4A311077BA1}.Debug|x86.Build.0 = Debug|Win32
		{C2E14BD4-4451-442C-9702-C4A311077BA1}.Release|x64.ActiveCfg = Release|x64
		{C2E14BD4-4451-442C-9702-C4A311077BA1}.Release|x64.Build.0 = Release|x64
		{C2E14BD4-4451-442C-9702-C4A311077BA1}.Release|x86.ActiveCfg = Release|Win32
		{C2E14BD4-4451-442C-9702-C4A311077BA1}.Release|x86.Build.0 = Release|Win32
		{D1EAEF4F-F5EA-4AE1-B9B2-B140C70C642F}.Debug|x64.ActiveCfg = Debug|x64
		{D1EAEF4F-F5EA-4AE1-B9B2-B140C70C642F}.Debug|x64.Build.0 = Debug|x64
		{D1EAEF4F-F5EA-4AE1-B9B2-B140C70C642F}.Debug|x86.ActiveCfg = Debug|Win32
		{D1EAEF4F-F5EA-4AE1-B9B2-B140C70C642F}.Debug|x86.Build.0 = Debug|Win32
		{D1EAEF4F-F5EA-4AE1-B9B2-B140C70C642F}.Release|x64.ActiveCfg = Release|x64
		{D1EAEF4F-F5EA-4AE1-B9B2-B140C70C642F}.Release|x64.Build.0 = Release|x64
		{D1EAEF4F-F5EA-4AE1-B9B2-B140C70C642F}.Release|x86.ActiveCfg = Release|Win32
		{D1EAEF4F-F5EA-4AE1-B9B2-B140C70C642F}.Release|x86.Build.0 = Release|Win32
		{C400488A-2A4F-493A-8DEE-791ABBB85B62}.Debug|x64.ActiveCfg = Debug|x64
		{C400488A-2A4F-493A-8DEE-791ABBB85B62}.Debug|x64.Build.0 = Debug|x64
		{C400488A-2A4F-493A-8DEE-791ABBB85B62}.Debug|x86.ActiveCfg = Debug|Win32
		{C400488A-2A4F-493A-8DEE-791ABBB85B62}.Debug|x86.Build.0 = Debug|Win32
		{C400488A-2A4F-493A-8DEE-791ABBB85B62}.Release|x64.ActiveCfg = Release|x64
		{C400488A-2A4F-493A-8DEE-791ABBB85B62}.Release|x64.Build.0 = Release|x64
		{C400488A-2A4F-493A-8DEE-791ABBB85B62}.Release|x86.ActiveCfg = Release|Win32
		{C400488A-2A4F-493A-8DEE-791ABBB85B62}.Release|x86.Build.0 = Release|Win32
		{E513FF6E-BD92-43AD-A1D2-E1C724016B0F}.Debug|x64.ActiveCfg = Debug|x64
		{E513FF6E-BD92-43AD-A1D2-E1C724016B0F}.Debug|x64.Build.0 = Debug|x64
		{E513FF6E-BD92-43AD-A1D2-E1C724016B0F}.Debug|x86.ActiveCfg = Debug|Win32
		{E513FF6E-BD92-43AD-A1D2-E1C724016B0F}.Debug|x86.Build.0 = Debug|Win32
		{E513FF6E-BD92-43AD-A1D2-E1C724016B0F}.Release|x64.ActiveCfg = Release|x64
		{E513FF6E-BD92-43AD-A1D2-E1C724016B0F}.Release|x64.Build.0 = Release|x64
		{E513FF6E-BD92-43AD-A1D2-E1C724016B0F}.Release|x86.ActiveCfg = Release|Win32
		{E513FF6E-BD92-43AD-A1D2-E1C724016B0F}.Release|x86.Build.0 = Release|Win32
		{E227806E-0B25-49D7-8768-10545BB0DA41}.Debug|x64.ActiveCfg = Debug|x64
		{E227806E-0B25-49D7-8768-10545BB0DA41}.Debug|x64.Build.0 = Debug|x64
		{E227806E-0B25-49D7-8768-10545BB0DA41}.Debug|x86.ActiveCfg = Debug|Win32
		{E227806E-0B25-49D7-8768-10545BB0DA41}.Debug|x86.Build.0 = Debug|Win32
		{E227806E-0B25-49D7-8768-10545BB0DA41}.Release|x64.ActiveCfg = Release|x64
		{E227806E-0B25-49D7-8768-10545BB0DA41}.Release|x64.Build.0 = Release|x64
		{E227806E-0B25-49D7-8768-10545BB0DA41}.Release|x86.ActiveCfg = Release|Win32
		{E227806E-0B25-49D7-8768-10545BB0DA41}.Release|x86.Build.0 = Release|Win32
	EndGlobalSection
	GlobalSection(SolutionProperties) = preSolution
		HideSolutionNode = FALSE
	EndGlobalSection
	GlobalSection(ExtensibilityGlobals) = postSolution
		SolutionGuid = {94A8B816-7AE6-4E8B-809D-E98B9016A341}
	EndGlobalSection
EndGlobal
